
Microsoft Visual Studio Solution File, Format Version 12.00
# Visual Studio 15
Project("{FAE04EC0-301F-11D3-BF4B-00C04F79EFBC}") = "Assembly-CSharp", "Assembly-CSharp.csproj", "{A823632B-5276-42A0-2DA9-99BA280DA550}"
EndProject
Project("{FAE04EC0-301F-11D3-BF4B-00C04F79EFBC}") = "Assembly-CSharp-Editor", "Assembly-CSharp-Editor.csproj", "{BDF6DDA9-049B-0D10-EB27-C6EF948F280C}"
EndProject
Global
	GlobalSection(SolutionConfigurationPlatforms) = preSolution
		Debug|Any CPU = Debug|Any CPU
		Release|Any CPU = Release|Any CPU
	EndGlobalSection
	GlobalSection(ProjectConfigurationPlatforms) = postSolution
		{A823632B-5276-42A0-2DA9-99BA280DA550}.Debug|Any CPU.ActiveCfg = Debug|Any CPU
		{A823632B-5276-42A0-2DA9-99BA280DA550}.Debug|Any CPU.Build.0 = Debug|Any CPU
		{A823632B-5276-42A0-2DA9-99BA280DA550}.Release|Any CPU.ActiveCfg = Release|Any CPU
		{A823632B-5276-42A0-2DA9-99BA280DA550}.Release|Any CPU.Build.0 = Release|Any CPU
		{BDF6DDA9-049B-0D10-EB27-C6EF948F280C}.Debug|Any CPU.ActiveCfg = Debug|Any CPU
		{BDF6DDA9-049B-0D10-EB27-C6EF948F280C}.Debug|Any CPU.Build.0 = Debug|Any CPU
		{BDF6DDA9-049B-0D10-EB27-C6EF948F280C}.Release|Any CPU.ActiveCfg = Release|Any CPU
		{BDF6DDA9-049B-0D10-EB27-C6EF948F280C}.Release|Any CPU.Build.0 = Release|Any CPU
	EndGlobalSection
	GlobalSection(SolutionProperties) = preSolution
		HideSolutionNode = FALSE
	EndGlobalSection
EndGlobal
